// !$*UTF8*$!
{
	archiveVersion = 1;
	classes = {
	};
	objectVersion = 46;
	objects = {

/* Begin PBXBuildFile section */
		A1D5ED0EA39CF87C1199E2B5 /* Pods_Jokes_BoxTests.framework in Frameworks */ = {isa = PBXBuildFile; fileRef = 86BFAD828E02BC99144447C4 /* Pods_Jokes_BoxTests.framework */; };
		A9393106F09A1FAB791CE310 /* Pods_Jokes_BoxUITests.framework in Frameworks */ = {isa = PBXBuildFile; fileRef = 0DDE93E54A8C24A924B10BCD /* Pods_Jokes_BoxUITests.framework */; };
		B6AC8C717C63BC4F1D567771 /* Pods_Jokes_Box.framework in Frameworks */ = {isa = PBXBuildFile; fileRef = CC79FC7C43B59D13CD004186 /* Pods_Jokes_Box.framework */; };
		E7495DB11E52E1DB00C4F877 /* Alamofire.framework in Frameworks */ = {isa = PBXBuildFile; fileRef = E7495DB01E52E1DB00C4F877 /* Alamofire.framework */; };
		E7495DB31E52E1DF00C4F877 /* Gloss.framework in Frameworks */ = {isa = PBXBuildFile; fileRef = E7495DB21E52E1DF00C4F877 /* Gloss.framework */; };
		E7495DB51E52E1E400C4F877 /* Siesta.framework in Frameworks */ = {isa = PBXBuildFile; fileRef = E7495DB41E52E1E400C4F877 /* Siesta.framework */; };
		E7495DB71E52E1E900C4F877 /* SwiftyJSON.framework in Frameworks */ = {isa = PBXBuildFile; fileRef = E7495DB61E52E1E900C4F877 /* SwiftyJSON.framework */; };
		E7495DD41E615B2400C4F877 /* JokesViewController.swift in Sources */ = {isa = PBXBuildFile; fileRef = E7495DD21E615B2400C4F877 /* JokesViewController.swift */; };
		E7495DD51E615B2400C4F877 /* TableViewCell.swift in Sources */ = {isa = PBXBuildFile; fileRef = E7495DD31E615B2400C4F877 /* TableViewCell.swift */; };
		E7495DDA1E615B7800C4F877 /* JokeRequest.swift in Sources */ = {isa = PBXBuildFile; fileRef = E7495DD81E615B7800C4F877 /* JokeRequest.swift */; };
		E7495DDD1E615B8600C4F877 /* JokesService.swift in Sources */ = {isa = PBXBuildFile; fileRef = E7495DDC1E615B8600C4F877 /* JokesService.swift */; };
		E7495DE01E615B9600C4F877 /* JokesViewController.xib in Resources */ = {isa = PBXBuildFile; fileRef = E7495DDE1E615B9600C4F877 /* JokesViewController.xib */; };
		E7495DE11E615B9600C4F877 /* TableViewCell.xib in Resources */ = {isa = PBXBuildFile; fileRef = E7495DDF1E615B9600C4F877 /* TableViewCell.xib */; };
		E7495DE31E615BB000C4F877 /* ViewController.swift in Sources */ = {isa = PBXBuildFile; fileRef = E7495DE21E615BB000C4F877 /* ViewController.swift */; };
		E7D7EBDC1E5031A90055F260 /* Joke.swift in Sources */ = {isa = PBXBuildFile; fileRef = E7D7EBDB1E5031A90055F260 /* Joke.swift */; };
		E7D7EBDE1E5031B90055F260 /* Jokes.swift in Sources */ = {isa = PBXBuildFile; fileRef = E7D7EBDD1E5031B90055F260 /* Jokes.swift */; };
		E7D7EBE11E50354C0055F260 /* Settings.swift in Sources */ = {isa = PBXBuildFile; fileRef = E7D7EBE01E50354C0055F260 /* Settings.swift */; };
		E7D7EBE31E5035670055F260 /* JokesDelegate.swift in Sources */ = {isa = PBXBuildFile; fileRef = E7D7EBE21E5035670055F260 /* JokesDelegate.swift */; };
		E7D7EBED1E503C7F0055F260 /* Utils.swift in Sources */ = {isa = PBXBuildFile; fileRef = E7D7EBEC1E503C7F0055F260 /* Utils.swift */; };
		E7D7EBEF1E5042CC0055F260 /* JokesFacade.swift in Sources */ = {isa = PBXBuildFile; fileRef = E7D7EBEE1E5042CC0055F260 /* JokesFacade.swift */; };
		E7ED06FF1E5029E40034A292 /* AppDelegate.swift in Sources */ = {isa = PBXBuildFile; fileRef = E7ED06FE1E5029E40034A292 /* AppDelegate.swift */; };
		E7ED07041E5029E40034A292 /* Main.storyboard in Resources */ = {isa = PBXBuildFile; fileRef = E7ED07021E5029E40034A292 /* Main.storyboard */; };
		E7ED07061E5029E40034A292 /* Assets.xcassets in Resources */ = {isa = PBXBuildFile; fileRef = E7ED07051E5029E40034A292 /* Assets.xcassets */; };
		E7ED07091E5029E40034A292 /* LaunchScreen.storyboard in Resources */ = {isa = PBXBuildFile; fileRef = E7ED07071E5029E40034A292 /* LaunchScreen.storyboard */; };
		E7ED07141E5029E40034A292 /* Jokes_BoxTests.swift in Sources */ = {isa = PBXBuildFile; fileRef = E7ED07131E5029E40034A292 /* Jokes_BoxTests.swift */; };
		E7ED071F1E5029E40034A292 /* Jokes_BoxUITests.swift in Sources */ = {isa = PBXBuildFile; fileRef = E7ED071E1E5029E40034A292 /* Jokes_BoxUITests.swift */; };
/* End PBXBuildFile section */

/* Begin PBXContainerItemProxy section */
		E7ED07101E5029E40034A292 /* PBXContainerItemProxy */ = {
			isa = PBXContainerItemProxy;
			containerPortal = E7ED06F31E5029E40034A292 /* Project object */;
			proxyType = 1;
			remoteGlobalIDString = E7ED06FA1E5029E40034A292;
			remoteInfo = "Jokes Box";
		};
		E7ED071B1E5029E40034A292 /* PBXContainerItemProxy */ = {
			isa = PBXContainerItemProxy;
			containerPortal = E7ED06F31E5029E40034A292 /* Project object */;
			proxyType = 1;
			remoteGlobalIDString = E7ED06FA1E5029E40034A292;
			remoteInfo = "Jokes Box";
		};
/* End PBXContainerItemProxy section */

/* Begin PBXFileReference section */
		0DDE93E54A8C24A924B10BCD /* Pods_Jokes_BoxUITests.framework */ = {isa = PBXFileReference; explicitFileType = wrapper.framework; includeInIndex = 0; path = Pods_Jokes_BoxUITests.framework; sourceTree = BUILT_PRODUCTS_DIR; };
		309A0719A9CAAB51F58D465B /* Pods-Jokes BoxUITests.debug.xcconfig */ = {isa = PBXFileReference; includeInIndex = 1; lastKnownFileType = text.xcconfig; name = "Pods-Jokes BoxUITests.debug.xcconfig"; path = "Pods/Target Support Files/Pods-Jokes BoxUITests/Pods-Jokes BoxUITests.debug.xcconfig"; sourceTree = "<group>"; };
		52B08C1D14D02D8891E77EA6 /* Pods-Jokes Box.release.xcconfig */ = {isa = PBXFileReference; includeInIndex = 1; lastKnownFileType = text.xcconfig; name = "Pods-Jokes Box.release.xcconfig"; path = "Pods/Target Support Files/Pods-Jokes Box/Pods-Jokes Box.release.xcconfig"; sourceTree = "<group>"; };
		5CBF8CA05C9BD8EF8E8A9DFB /* Pods-Jokes BoxTests.debug.xcconfig */ = {isa = PBXFileReference; includeInIndex = 1; lastKnownFileType = text.xcconfig; name = "Pods-Jokes BoxTests.debug.xcconfig"; path = "Pods/Target Support Files/Pods-Jokes BoxTests/Pods-Jokes BoxTests.debug.xcconfig"; sourceTree = "<group>"; };
		86BFAD828E02BC99144447C4 /* Pods_Jokes_BoxTests.framework */ = {isa = PBXFileReference; explicitFileType = wrapper.framework; includeInIndex = 0; path = Pods_Jokes_BoxTests.framework; sourceTree = BUILT_PRODUCTS_DIR; };
		870FB8EE63B15F5F5F7844D0 /* Pods-Jokes BoxTests.release.xcconfig */ = {isa = PBXFileReference; includeInIndex = 1; lastKnownFileType = text.xcconfig; name = "Pods-Jokes BoxTests.release.xcconfig"; path = "Pods/Target Support Files/Pods-Jokes BoxTests/Pods-Jokes BoxTests.release.xcconfig"; sourceTree = "<group>"; };
		88DCD6C611C493F9D98CCB78 /* Pods-Jokes Box.debug.xcconfig */ = {isa = PBXFileReference; includeInIndex = 1; lastKnownFileType = text.xcconfig; name = "Pods-Jokes Box.debug.xcconfig"; path = "Pods/Target Support Files/Pods-Jokes Box/Pods-Jokes Box.debug.xcconfig"; sourceTree = "<group>"; };
		A3DCFF7E6009118C1306A3C8 /* Pods-Jokes BoxUITests.release.xcconfig */ = {isa = PBXFileReference; includeInIndex = 1; lastKnownFileType = text.xcconfig; name = "Pods-Jokes BoxUITests.release.xcconfig"; path = "Pods/Target Support Files/Pods-Jokes BoxUITests/Pods-Jokes BoxUITests.release.xcconfig"; sourceTree = "<group>"; };
		CC79FC7C43B59D13CD004186 /* Pods_Jokes_Box.framework */ = {isa = PBXFileReference; explicitFileType = wrapper.framework; includeInIndex = 0; path = Pods_Jokes_Box.framework; sourceTree = BUILT_PRODUCTS_DIR; };
		E7495DB01E52E1DB00C4F877 /* Alamofire.framework */ = {isa = PBXFileReference; lastKnownFileType = wrapper.framework; name = Alamofire.framework; path = "../../../../Library/Developer/Xcode/DerivedData/Jokes_Box-bwtgzvjhvdgyidegalgihklgjzcv/Build/Products/Debug-iphonesimulator/Alamofire/Alamofire.framework"; sourceTree = "<group>"; };
		E7495DB21E52E1DF00C4F877 /* Gloss.framework */ = {isa = PBXFileReference; lastKnownFileType = wrapper.framework; name = Gloss.framework; path = "../../../../Library/Developer/Xcode/DerivedData/Jokes_Box-bwtgzvjhvdgyidegalgihklgjzcv/Build/Products/Debug-iphonesimulator/Gloss/Gloss.framework"; sourceTree = "<group>"; };
		E7495DB41E52E1E400C4F877 /* Siesta.framework */ = {isa = PBXFileReference; lastKnownFileType = wrapper.framework; name = Siesta.framework; path = "../../../../Library/Developer/Xcode/DerivedData/Jokes_Box-bwtgzvjhvdgyidegalgihklgjzcv/Build/Products/Debug-iphonesimulator/Siesta/Siesta.framework"; sourceTree = "<group>"; };
		E7495DB61E52E1E900C4F877 /* SwiftyJSON.framework */ = {isa = PBXFileReference; lastKnownFileType = wrapper.framework; name = SwiftyJSON.framework; path = "../../../../Library/Developer/Xcode/DerivedData/Jokes_Box-bwtgzvjhvdgyidegalgihklgjzcv/Build/Products/Debug-iphonesimulator/SwiftyJSON/SwiftyJSON.framework"; sourceTree = "<group>"; };
		E7495DD21E615B2400C4F877 /* JokesViewController.swift */ = {isa = PBXFileReference; fileEncoding = 4; lastKnownFileType = sourcecode.swift; name = JokesViewController.swift; path = Controllers/JokesViewController.swift; sourceTree = "<group>"; };
		E7495DD31E615B2400C4F877 /* TableViewCell.swift */ = {isa = PBXFileReference; fileEncoding = 4; lastKnownFileType = sourcecode.swift; name = TableViewCell.swift; path = Controllers/TableViewCell.swift; sourceTree = "<group>"; };
		E7495DD81E615B7800C4F877 /* JokeRequest.swift */ = {isa = PBXFileReference; fileEncoding = 4; lastKnownFileType = sourcecode.swift; name = JokeRequest.swift; path = Service/JokeRequest.swift; sourceTree = "<group>"; };
		E7495DDC1E615B8600C4F877 /* JokesService.swift */ = {isa = PBXFileReference; fileEncoding = 4; lastKnownFileType = sourcecode.swift; name = JokesService.swift; path = Service/JokesService.swift; sourceTree = "<group>"; };
		E7495DDE1E615B9600C4F877 /* JokesViewController.xib */ = {isa = PBXFileReference; fileEncoding = 4; lastKnownFileType = file.xib; name = JokesViewController.xib; path = UI/JokesViewController.xib; sourceTree = "<group>"; };
		E7495DDF1E615B9600C4F877 /* TableViewCell.xib */ = {isa = PBXFileReference; fileEncoding = 4; lastKnownFileType = file.xib; name = TableViewCell.xib; path = UI/TableViewCell.xib; sourceTree = "<group>"; };
		E7495DE21E615BB000C4F877 /* ViewController.swift */ = {isa = PBXFileReference; fileEncoding = 4; lastKnownFileType = sourcecode.swift; name = ViewController.swift; path = Controllers/ViewController.swift; sourceTree = "<group>"; };
		E7D7EBDB1E5031A90055F260 /* Joke.swift */ = {isa = PBXFileReference; fileEncoding = 4; lastKnownFileType = sourcecode.swift; path = Joke.swift; sourceTree = "<group>"; };
		E7D7EBDD1E5031B90055F260 /* Jokes.swift */ = {isa = PBXFileReference; fileEncoding = 4; lastKnownFileType = sourcecode.swift; path = Jokes.swift; sourceTree = "<group>"; };
		E7D7EBE01E50354C0055F260 /* Settings.swift */ = {isa = PBXFileReference; fileEncoding = 4; lastKnownFileType = sourcecode.swift; path = Settings.swift; sourceTree = "<group>"; };
		E7D7EBE21E5035670055F260 /* JokesDelegate.swift */ = {isa = PBXFileReference; fileEncoding = 4; lastKnownFileType = sourcecode.swift; path = JokesDelegate.swift; sourceTree = "<group>"; };
		E7D7EBEC1E503C7F0055F260 /* Utils.swift */ = {isa = PBXFileReference; fileEncoding = 4; lastKnownFileType = sourcecode.swift; path = Utils.swift; sourceTree = "<group>"; };
		E7D7EBEE1E5042CC0055F260 /* JokesFacade.swift */ = {isa = PBXFileReference; fileEncoding = 4; lastKnownFileType = sourcecode.swift; path = JokesFacade.swift; sourceTree = "<group>"; };
		E7ED06FB1E5029E40034A292 /* Jokes Box.app */ = {isa = PBXFileReference; explicitFileType = wrapper.application; includeInIndex = 0; path = "Jokes Box.app"; sourceTree = BUILT_PRODUCTS_DIR; };
		E7ED06FE1E5029E40034A292 /* AppDelegate.swift */ = {isa = PBXFileReference; lastKnownFileType = sourcecode.swift; path = AppDelegate.swift; sourceTree = "<group>"; };
		E7ED07031E5029E40034A292 /* Base */ = {isa = PBXFileReference; lastKnownFileType = file.storyboard; name = Base; path = Base.lproj/Main.storyboard; sourceTree = "<group>"; };
		E7ED07051E5029E40034A292 /* Assets.xcassets */ = {isa = PBXFileReference; lastKnownFileType = folder.assetcatalog; path = Assets.xcassets; sourceTree = "<group>"; };
		E7ED07081E5029E40034A292 /* Base */ = {isa = PBXFileReference; lastKnownFileType = file.storyboard; name = Base; path = Base.lproj/LaunchScreen.storyboard; sourceTree = "<group>"; };
		E7ED070A1E5029E40034A292 /* Info.plist */ = {isa = PBXFileReference; lastKnownFileType = text.plist.xml; path = Info.plist; sourceTree = "<group>"; };
		E7ED070F1E5029E40034A292 /* Jokes BoxTests.xctest */ = {isa = PBXFileReference; explicitFileType = wrapper.cfbundle; includeInIndex = 0; path = "Jokes BoxTests.xctest"; sourceTree = BUILT_PRODUCTS_DIR; };
		E7ED07131E5029E40034A292 /* Jokes_BoxTests.swift */ = {isa = PBXFileReference; lastKnownFileType = sourcecode.swift; path = Jokes_BoxTests.swift; sourceTree = "<group>"; };
		E7ED07151E5029E40034A292 /* Info.plist */ = {isa = PBXFileReference; lastKnownFileType = text.plist.xml; path = Info.plist; sourceTree = "<group>"; };
		E7ED071A1E5029E40034A292 /* Jokes BoxUITests.xctest */ = {isa = PBXFileReference; explicitFileType = wrapper.cfbundle; includeInIndex = 0; path = "Jokes BoxUITests.xctest"; sourceTree = BUILT_PRODUCTS_DIR; };
		E7ED071E1E5029E40034A292 /* Jokes_BoxUITests.swift */ = {isa = PBXFileReference; lastKnownFileType = sourcecode.swift; path = Jokes_BoxUITests.swift; sourceTree = "<group>"; };
		E7ED07201E5029E40034A292 /* Info.plist */ = {isa = PBXFileReference; lastKnownFileType = text.plist.xml; path = Info.plist; sourceTree = "<group>"; };
/* End PBXFileReference section */

/* Begin PBXFrameworksBuildPhase section */
		E7ED06F81E5029E40034A292 /* Frameworks */ = {
			isa = PBXFrameworksBuildPhase;
			buildActionMask = 2147483647;
			files = (
				E7495DB71E52E1E900C4F877 /* SwiftyJSON.framework in Frameworks */,
				E7495DB51E52E1E400C4F877 /* Siesta.framework in Frameworks */,
				E7495DB31E52E1DF00C4F877 /* Gloss.framework in Frameworks */,
				E7495DB11E52E1DB00C4F877 /* Alamofire.framework in Frameworks */,
				B6AC8C717C63BC4F1D567771 /* Pods_Jokes_Box.framework in Frameworks */,
			);
			runOnlyForDeploymentPostprocessing = 0;
		};
		E7ED070C1E5029E40034A292 /* Frameworks */ = {
			isa = PBXFrameworksBuildPhase;
			buildActionMask = 2147483647;
			files = (
				A1D5ED0EA39CF87C1199E2B5 /* Pods_Jokes_BoxTests.framework in Frameworks */,
			);
			runOnlyForDeploymentPostprocessing = 0;
		};
		E7ED07171E5029E40034A292 /* Frameworks */ = {
			isa = PBXFrameworksBuildPhase;
			buildActionMask = 2147483647;
			files = (
				A9393106F09A1FAB791CE310 /* Pods_Jokes_BoxUITests.framework in Frameworks */,
			);
			runOnlyForDeploymentPostprocessing = 0;
		};
/* End PBXFrameworksBuildPhase section */

/* Begin PBXGroup section */
		4F1278E0084042EA311CFDD4 /* Pods */ = {
			isa = PBXGroup;
			children = (
				88DCD6C611C493F9D98CCB78 /* Pods-Jokes Box.debug.xcconfig */,
				52B08C1D14D02D8891E77EA6 /* Pods-Jokes Box.release.xcconfig */,
				5CBF8CA05C9BD8EF8E8A9DFB /* Pods-Jokes BoxTests.debug.xcconfig */,
				870FB8EE63B15F5F5F7844D0 /* Pods-Jokes BoxTests.release.xcconfig */,
				309A0719A9CAAB51F58D465B /* Pods-Jokes BoxUITests.debug.xcconfig */,
				A3DCFF7E6009118C1306A3C8 /* Pods-Jokes BoxUITests.release.xcconfig */,
			);
			name = Pods;
			sourceTree = "<group>";
		};
		985D4BFCFDA7B3302683BCA2 /* Frameworks */ = {
			isa = PBXGroup;
			children = (
				E7495DB61E52E1E900C4F877 /* SwiftyJSON.framework */,
				E7495DB41E52E1E400C4F877 /* Siesta.framework */,
				E7495DB21E52E1DF00C4F877 /* Gloss.framework */,
				E7495DB01E52E1DB00C4F877 /* Alamofire.framework */,
				CC79FC7C43B59D13CD004186 /* Pods_Jokes_Box.framework */,
				86BFAD828E02BC99144447C4 /* Pods_Jokes_BoxTests.framework */,
				0DDE93E54A8C24A924B10BCD /* Pods_Jokes_BoxUITests.framework */,
			);
			name = Frameworks;
			sourceTree = "<group>";
		};
		E7495DBB1E530B4E00C4F877 /* Request */ = {
			isa = PBXGroup;
			children = (
				E7495DD81E615B7800C4F877 /* JokeRequest.swift */,
			);
			name = Request;
			sourceTree = "<group>";
		};
		E7D7EBCD1E502F820055F260 /* Web Services */ = {
			isa = PBXGroup;
			children = (
				E7495DBB1E530B4E00C4F877 /* Request */,
				E7D7EBE41E5038810055F260 /* Service */,
				E7D7EBDF1E5035310055F260 /* Config */,
				E7D7EBDA1E5031740055F260 /* Facade */,
				E7D7EBD91E50316E0055F260 /* Models */,
			);
			name = "Web Services";
			sourceTree = "<group>";
		};
		E7D7EBCE1E502F9A0055F260 /* Modules */ = {
			isa = PBXGroup;
			children = (
				E7D7EBCF1E502FA50055F260 /* Jokes */,
			);
			name = Modules;
			sourceTree = "<group>";
		};
		E7D7EBCF1E502FA50055F260 /* Jokes */ = {
			isa = PBXGroup;
			children = (
				E7D7EBD01E502FAA0055F260 /* Controllers */,
			);
			name = Jokes;
			sourceTree = "<group>";
		};
		E7D7EBD01E502FAA0055F260 /* Controllers */ = {
			isa = PBXGroup;
			children = (
				E7495DE21E615BB000C4F877 /* ViewController.swift */,
				E7495DDE1E615B9600C4F877 /* JokesViewController.xib */,
				E7495DDF1E615B9600C4F877 /* TableViewCell.xib */,
				E7495DD21E615B2400C4F877 /* JokesViewController.swift */,
				E7495DD31E615B2400C4F877 /* TableViewCell.swift */,
			);
			name = Controllers;
			sourceTree = "<group>";
		};
		E7D7EBD91E50316E0055F260 /* Models */ = {
			isa = PBXGroup;
			children = (
				E7D7EBDB1E5031A90055F260 /* Joke.swift */,
				E7D7EBDD1E5031B90055F260 /* Jokes.swift */,
			);
			name = Models;
			sourceTree = "<group>";
		};
		E7D7EBDA1E5031740055F260 /* Facade */ = {
			isa = PBXGroup;
			children = (
				E7D7EBEE1E5042CC0055F260 /* JokesFacade.swift */,
			);
			name = Facade;
			sourceTree = "<group>";
		};
		E7D7EBDF1E5035310055F260 /* Config */ = {
			isa = PBXGroup;
			children = (
				E7D7EBE01E50354C0055F260 /* Settings.swift */,
				E7D7EBE21E5035670055F260 /* JokesDelegate.swift */,
			);
			name = Config;
			sourceTree = "<group>";
		};
		E7D7EBE41E5038810055F260 /* Service */ = {
			isa = PBXGroup;
			children = (
				E7495DDC1E615B8600C4F877 /* JokesService.swift */,
			);
			name = Service;
			sourceTree = "<group>";
		};
		E7D7EBEA1E503C610055F260 /* Utilities */ = {
			isa = PBXGroup;
			children = (
				E7D7EBEB1E503C6D0055F260 /* Utility */,
			);
			name = Utilities;
			sourceTree = "<group>";
		};
		E7D7EBEB1E503C6D0055F260 /* Utility */ = {
			isa = PBXGroup;
			children = (
				E7D7EBEC1E503C7F0055F260 /* Utils.swift */,
			);
			name = Utility;
			sourceTree = "<group>";
		};
		E7ED06F21E5029E40034A292 = {
			isa = PBXGroup;
			children = (
				E7ED06FD1E5029E40034A292 /* Jokes Box */,
				E7ED07121E5029E40034A292 /* Jokes BoxTests */,
				E7ED071D1E5029E40034A292 /* Jokes BoxUITests */,
				E7ED06FC1E5029E40034A292 /* Products */,
				4F1278E0084042EA311CFDD4 /* Pods */,
				985D4BFCFDA7B3302683BCA2 /* Frameworks */,
			);
			sourceTree = "<group>";
		};
		E7ED06FC1E5029E40034A292 /* Products */ = {
			isa = PBXGroup;
			children = (
				E7ED06FB1E5029E40034A292 /* Jokes Box.app */,
				E7ED070F1E5029E40034A292 /* Jokes BoxTests.xctest */,
				E7ED071A1E5029E40034A292 /* Jokes BoxUITests.xctest */,
			);
			name = Products;
			sourceTree = "<group>";
		};
		E7ED06FD1E5029E40034A292 /* Jokes Box */ = {
			isa = PBXGroup;
			children = (
				E7D7EBEA1E503C610055F260 /* Utilities */,
				E7D7EBCE1E502F9A0055F260 /* Modules */,
				E7D7EBCD1E502F820055F260 /* Web Services */,
				E7ED06FE1E5029E40034A292 /* AppDelegate.swift */,
				E7ED07021E5029E40034A292 /* Main.storyboard */,
				E7ED07051E5029E40034A292 /* Assets.xcassets */,
				E7ED07071E5029E40034A292 /* LaunchScreen.storyboard */,
				E7ED070A1E5029E40034A292 /* Info.plist */,
			);
			path = "Jokes Box";
			sourceTree = "<group>";
		};
		E7ED07121E5029E40034A292 /* Jokes BoxTests */ = {
			isa = PBXGroup;
			children = (
				E7ED07131E5029E40034A292 /* Jokes_BoxTests.swift */,
				E7ED07151E5029E40034A292 /* Info.plist */,
			);
			path = "Jokes BoxTests";
			sourceTree = "<group>";
		};
		E7ED071D1E5029E40034A292 /* Jokes BoxUITests */ = {
			isa = PBXGroup;
			children = (
				E7ED071E1E5029E40034A292 /* Jokes_BoxUITests.swift */,
				E7ED07201E5029E40034A292 /* Info.plist */,
			);
			path = "Jokes BoxUITests";
			sourceTree = "<group>";
		};
/* End PBXGroup section */

/* Begin PBXNativeTarget section */
		E7ED06FA1E5029E40034A292 /* Jokes Box */ = {
			isa = PBXNativeTarget;
			buildConfigurationList = E7ED07231E5029E40034A292 /* Build configuration list for PBXNativeTarget "Jokes Box" */;
			buildPhases = (
				83ECDA260C328C97BED15035 /* [CP] Check Pods Manifest.lock */,
				E7ED06F71E5029E40034A292 /* Sources */,
				E7ED06F81E5029E40034A292 /* Frameworks */,
				E7ED06F91E5029E40034A292 /* Resources */,
				5BFF35E1F91BA2BF783A78C1 /* [CP] Embed Pods Frameworks */,
				B4F5D1F63BB207EEB09CE104 /* [CP] Copy Pods Resources */,
			);
			buildRules = (
			);
			dependencies = (
			);
			name = "Jokes Box";
			productName = "Jokes Box";
			productReference = E7ED06FB1E5029E40034A292 /* Jokes Box.app */;
			productType = "com.apple.product-type.application";
		};
		E7ED070E1E5029E40034A292 /* Jokes BoxTests */ = {
			isa = PBXNativeTarget;
			buildConfigurationList = E7ED07261E5029E40034A292 /* Build configuration list for PBXNativeTarget "Jokes BoxTests" */;
			buildPhases = (
				5973E06BC5C4B35E781CA0E8 /* [CP] Check Pods Manifest.lock */,
				E7ED070B1E5029E40034A292 /* Sources */,
				E7ED070C1E5029E40034A292 /* Frameworks */,
				E7ED070D1E5029E40034A292 /* Resources */,
				6368772FA38140D60A435100 /* [CP] Embed Pods Frameworks */,
				CFEE519B3DB1776AC9374F48 /* [CP] Copy Pods Resources */,
			);
			buildRules = (
			);
			dependencies = (
				E7ED07111E5029E40034A292 /* PBXTargetDependency */,
			);
			name = "Jokes BoxTests";
			productName = "Jokes BoxTests";
			productReference = E7ED070F1E5029E40034A292 /* Jokes BoxTests.xctest */;
			productType = "com.apple.product-type.bundle.unit-test";
		};
		E7ED07191E5029E40034A292 /* Jokes BoxUITests */ = {
			isa = PBXNativeTarget;
			buildConfigurationList = E7ED07291E5029E40034A292 /* Build configuration list for PBXNativeTarget "Jokes BoxUITests" */;
			buildPhases = (
				3E71E3269763E1CC8EDAE347 /* [CP] Check Pods Manifest.lock */,
				E7ED07161E5029E40034A292 /* Sources */,
				E7ED07171E5029E40034A292 /* Frameworks */,
				E7ED07181E5029E40034A292 /* Resources */,
				7063919B9675EC1F94D0DA80 /* [CP] Embed Pods Frameworks */,
				8A2B73C29F196213A4FD4014 /* [CP] Copy Pods Resources */,
			);
			buildRules = (
			);
			dependencies = (
				E7ED071C1E5029E40034A292 /* PBXTargetDependency */,
			);
			name = "Jokes BoxUITests";
			productName = "Jokes BoxUITests";
			productReference = E7ED071A1E5029E40034A292 /* Jokes BoxUITests.xctest */;
			productType = "com.apple.product-type.bundle.ui-testing";
		};
/* End PBXNativeTarget section */

/* Begin PBXProject section */
		E7ED06F31E5029E40034A292 /* Project object */ = {
			isa = PBXProject;
			attributes = {
				LastSwiftUpdateCheck = 0820;
				LastUpgradeCheck = 0820;
				ORGANIZATIONNAME = "Magic Minds";
				TargetAttributes = {
					E7ED06FA1E5029E40034A292 = {
						CreatedOnToolsVersion = 8.2.1;
						ProvisioningStyle = Automatic;
					};
					E7ED070E1E5029E40034A292 = {
						CreatedOnToolsVersion = 8.2.1;
						ProvisioningStyle = Automatic;
						TestTargetID = E7ED06FA1E5029E40034A292;
					};
					E7ED07191E5029E40034A292 = {
						CreatedOnToolsVersion = 8.2.1;
						ProvisioningStyle = Automatic;
						TestTargetID = E7ED06FA1E5029E40034A292;
					};
				};
			};
			buildConfigurationList = E7ED06F61E5029E40034A292 /* Build configuration list for PBXProject "Jokes Box" */;
			compatibilityVersion = "Xcode 3.2";
			developmentRegion = English;
			hasScannedForEncodings = 0;
			knownRegions = (
				en,
				Base,
			);
			mainGroup = E7ED06F21E5029E40034A292;
			productRefGroup = E7ED06FC1E5029E40034A292 /* Products */;
			projectDirPath = "";
			projectRoot = "";
			targets = (
				E7ED06FA1E5029E40034A292 /* Jokes Box */,
				E7ED070E1E5029E40034A292 /* Jokes BoxTests */,
				E7ED07191E5029E40034A292 /* Jokes BoxUITests */,
			);
		};
/* End PBXProject section */

/* Begin PBXResourcesBuildPhase section */
		E7ED06F91E5029E40034A292 /* Resources */ = {
			isa = PBXResourcesBuildPhase;
			buildActionMask = 2147483647;
			files = (
				E7ED07091E5029E40034A292 /* LaunchScreen.storyboard in Resources */,
				E7495DE11E615B9600C4F877 /* TableViewCell.xib in Resources */,
				E7ED07061E5029E40034A292 /* Assets.xcassets in Resources */,
				E7ED07041E5029E40034A292 /* Main.storyboard in Resources */,
				E7495DE01E615B9600C4F877 /* JokesViewController.xib in Resources */,
			);
			runOnlyForDeploymentPostprocessing = 0;
		};
		E7ED070D1E5029E40034A292 /* Resources */ = {
			isa = PBXResourcesBuildPhase;
			buildActionMask = 2147483647;
			files = (
			);
			runOnlyForDeploymentPostprocessing = 0;
		};
		E7ED07181E5029E40034A292 /* Resources */ = {
			isa = PBXResourcesBuildPhase;
			buildActionMask = 2147483647;
			files = (
			);
			runOnlyForDeploymentPostprocessing = 0;
		};
/* End PBXResourcesBuildPhase section */

/* Begin PBXShellScriptBuildPhase section */
		3E71E3269763E1CC8EDAE347 /* [CP] Check Pods Manifest.lock */ = {
			isa = PBXShellScriptBuildPhase;
			buildActionMask = 2147483647;
			files = (
			);
			inputPaths = (
			);
			name = "[CP] Check Pods Manifest.lock";
			outputPaths = (
			);
			runOnlyForDeploymentPostprocessing = 0;
			shellPath = /bin/sh;
			shellScript = "diff \"${PODS_ROOT}/../Podfile.lock\" \"${PODS_ROOT}/Manifest.lock\" > /dev/null\nif [ $? != 0 ] ; then\n    # print error to STDERR\n    echo \"error: The sandbox is not in sync with the Podfile.lock. Run 'pod install' or update your CocoaPods installation.\" >&2\n    exit 1\nfi\n";
			showEnvVarsInLog = 0;
		};
		5973E06BC5C4B35E781CA0E8 /* [CP] Check Pods Manifest.lock */ = {
			isa = PBXShellScriptBuildPhase;
			buildActionMask = 2147483647;
			files = (
			);
			inputPaths = (
			);
			name = "[CP] Check Pods Manifest.lock";
			outputPaths = (
			);
			runOnlyForDeploymentPostprocessing = 0;
			shellPath = /bin/sh;
			shellScript = "diff \"${PODS_ROOT}/../Podfile.lock\" \"${PODS_ROOT}/Manifest.lock\" > /dev/null\nif [ $? != 0 ] ; then\n    # print error to STDERR\n    echo \"error: The sandbox is not in sync with the Podfile.lock. Run 'pod install' or update your CocoaPods installation.\" >&2\n    exit 1\nfi\n";
			showEnvVarsInLog = 0;
		};
		5BFF35E1F91BA2BF783A78C1 /* [CP] Embed Pods Frameworks */ = {
			isa = PBXShellScriptBuildPhase;
			buildActionMask = 2147483647;
			files = (
			);
			inputPaths = (
			);
			name = "[CP] Embed Pods Frameworks";
			outputPaths = (
			);
			runOnlyForDeploymentPostprocessing = 0;
			shellPath = /bin/sh;
			shellScript = "\"${SRCROOT}/Pods/Target Support Files/Pods-Jokes Box/Pods-Jokes Box-frameworks.sh\"\n";
			showEnvVarsInLog = 0;
		};
		6368772FA38140D60A435100 /* [CP] Embed Pods Frameworks */ = {
			isa = PBXShellScriptBuildPhase;
			buildActionMask = 2147483647;
			files = (
			);
			inputPaths = (
			);
			name = "[CP] Embed Pods Frameworks";
			outputPaths = (
			);
			runOnlyForDeploymentPostprocessing = 0;
			shellPath = /bin/sh;
			shellScript = "\"${SRCROOT}/Pods/Target Support Files/Pods-Jokes BoxTests/Pods-Jokes BoxTests-frameworks.sh\"\n";
			showEnvVarsInLog = 0;
		};
		7063919B9675EC1F94D0DA80 /* [CP] Embed Pods Frameworks */ = {
			isa = PBXShellScriptBuildPhase;
			buildActionMask = 2147483647;
			files = (
			);
			inputPaths = (
			);
			name = "[CP] Embed Pods Frameworks";
			outputPaths = (
			);
			runOnlyForDeploymentPostprocessing = 0;
			shellPath = /bin/sh;
			shellScript = "\"${SRCROOT}/Pods/Target Support Files/Pods-Jokes BoxUITests/Pods-Jokes BoxUITests-frameworks.sh\"\n";
			showEnvVarsInLog = 0;
		};
		83ECDA260C328C97BED15035 /* [CP] Check Pods Manifest.lock */ = {
			isa = PBXShellScriptBuildPhase;
			buildActionMask = 2147483647;
			files = (
			);
			inputPaths = (
			);
			name = "[CP] Check Pods Manifest.lock";
			outputPaths = (
			);
			runOnlyForDeploymentPostprocessing = 0;
			shellPath = /bin/sh;
			shellScript = "diff \"${PODS_ROOT}/../Podfile.lock\" \"${PODS_ROOT}/Manifest.lock\" > /dev/null\nif [ $? != 0 ] ; then\n    # print error to STDERR\n    echo \"error: The sandbox is not in sync with the Podfile.lock. Run 'pod install' or update your CocoaPods installation.\" >&2\n    exit 1\nfi\n";
			showEnvVarsInLog = 0;
		};
		8A2B73C29F196213A4FD4014 /* [CP] Copy Pods Resources */ = {
			isa = PBXShellScriptBuildPhase;
			buildActionMask = 2147483647;
			files = (
			);
			inputPaths = (
			);
			name = "[CP] Copy Pods Resources";
			outputPaths = (
			);
			runOnlyForDeploymentPostprocessing = 0;
			shellPath = /bin/sh;
			shellScript = "\"${SRCROOT}/Pods/Target Support Files/Pods-Jokes BoxUITests/Pods-Jokes BoxUITests-resources.sh\"\n";
			showEnvVarsInLog = 0;
		};
		B4F5D1F63BB207EEB09CE104 /* [CP] Copy Pods Resources */ = {
			isa = PBXShellScriptBuildPhase;
			buildActionMask = 2147483647;
			files = (
			);
			inputPaths = (
			);
			name = "[CP] Copy Pods Resources";
			outputPaths = (
			);
			runOnlyForDeploymentPostprocessing = 0;
			shellPath = /bin/sh;
			shellScript = "\"${SRCROOT}/Pods/Target Support Files/Pods-Jokes Box/Pods-Jokes Box-resources.sh\"\n";
			showEnvVarsInLog = 0;
		};
		CFEE519B3DB1776AC9374F48 /* [CP] Copy Pods Resources */ = {
			isa = PBXShellScriptBuildPhase;
			buildActionMask = 2147483647;
			files = (
			);
			inputPaths = (
			);
			name = "[CP] Copy Pods Resources";
			outputPaths = (
			);
			runOnlyForDeploymentPostprocessing = 0;
			shellPath = /bin/sh;
			shellScript = "\"${SRCROOT}/Pods/Target Support Files/Pods-Jokes BoxTests/Pods-Jokes BoxTests-resources.sh\"\n";
			showEnvVarsInLog = 0;
		};
/* End PBXShellScriptBuildPhase section */

/* Begin PBXSourcesBuildPhase section */
		E7ED06F71E5029E40034A292 /* Sources */ = {
			isa = PBXSourcesBuildPhase;
			buildActionMask = 2147483647;
			files = (
				E7495DDA1E615B7800C4F877 /* JokeRequest.swift in Sources */,
				E7495DD51E615B2400C4F877 /* TableViewCell.swift in Sources */,
				E7D7EBDC1E5031A90055F260 /* Joke.swift in Sources */,
				E7495DE31E615BB000C4F877 /* ViewController.swift in Sources */,
				E7D7EBEF1E5042CC0055F260 /* JokesFacade.swift in Sources */,
				E7495DD41E615B2400C4F877 /* JokesViewController.swift in Sources */,
				E7D7EBE11E50354C0055F260 /* Settings.swift in Sources */,
				E7495DDD1E615B8600C4F877 /* JokesService.swift in Sources */,
				E7D7EBED1E503C7F0055F260 /* Utils.swift in Sources */,
				E7D7EBE31E5035670055F260 /* JokesDelegate.swift in Sources */,
				E7D7EBDE1E5031B90055F260 /* Jokes.swift in Sources */,
				E7ED06FF1E5029E40034A292 /* AppDelegate.swift in Sources */,
			);
			runOnlyForDeploymentPostprocessing = 0;
		};
		E7ED070B1E5029E40034A292 /* Sources */ = {
			isa = PBXSourcesBuildPhase;
			buildActionMask = 2147483647;
			files = (
				E7ED07141E5029E40034A292 /* Jokes_BoxTests.swift in Sources */,
			);
			runOnlyForDeploymentPostprocessing = 0;
		};
		E7ED07161E5029E40034A292 /* Sources */ = {
			isa = PBXSourcesBuildPhase;
			buildActionMask = 2147483647;
			files = (
				E7ED071F1E5029E40034A292 /* Jokes_BoxUITests.swift in Sources */,
			);
			runOnlyForDeploymentPostprocessing = 0;
		};
/* End PBXSourcesBuildPhase section */

/* Begin PBXTargetDependency section */
		E7ED07111E5029E40034A292 /* PBXTargetDependency */ = {
			isa = PBXTargetDependency;
			target = E7ED06FA1E5029E40034A292 /* Jokes Box */;
			targetProxy = E7ED07101E5029E40034A292 /* PBXContainerItemProxy */;
		};
		E7ED071C1E5029E40034A292 /* PBXTargetDependency */ = {
			isa = PBXTargetDependency;
			target = E7ED06FA1E5029E40034A292 /* Jokes Box */;
			targetProxy = E7ED071B1E5029E40034A292 /* PBXContainerItemProxy */;
		};
/* End PBXTargetDependency section */

/* Begin PBXVariantGroup section */
		E7ED07021E5029E40034A292 /* Main.storyboard */ = {
			isa = PBXVariantGroup;
			children = (
				E7ED07031E5029E40034A292 /* Base */,
			);
			name = Main.storyboard;
			sourceTree = "<group>";
		};
		E7ED07071E5029E40034A292 /* LaunchScreen.storyboard */ = {
			isa = PBXVariantGroup;
			children = (
				E7ED07081E5029E40034A292 /* Base */,
			);
			name = LaunchScreen.storyboard;
			sourceTree = "<group>";
		};
/* End PBXVariantGroup section */

/* Begin XCBuildConfiguration section */
		E7ED07211E5029E40034A292 /* Debug */ = {
			isa = XCBuildConfiguration;
			buildSettings = {
				ALWAYS_SEARCH_USER_PATHS = NO;
				CLANG_ANALYZER_NONNULL = YES;
				CLANG_CXX_LANGUAGE_STANDARD = "gnu++0x";
				CLANG_CXX_LIBRARY = "libc++";
				CLANG_ENABLE_MODULES = YES;
				CLANG_ENABLE_OBJC_ARC = YES;
				CLANG_WARN_BOOL_CONVERSION = YES;
				CLANG_WARN_CONSTANT_CONVERSION = YES;
				CLANG_WARN_DIRECT_OBJC_ISA_USAGE = YES_ERROR;
				CLANG_WARN_DOCUMENTATION_COMMENTS = YES;
				CLANG_WARN_EMPTY_BODY = YES;
				CLANG_WARN_ENUM_CONVERSION = YES;
				CLANG_WARN_INFINITE_RECURSION = YES;
				CLANG_WARN_INT_CONVERSION = YES;
				CLANG_WARN_OBJC_ROOT_CLASS = YES_ERROR;
				CLANG_WARN_SUSPICIOUS_MOVE = YES;
				CLANG_WARN_UNREACHABLE_CODE = YES;
				CLANG_WARN__DUPLICATE_METHOD_MATCH = YES;
				"CODE_SIGN_IDENTITY[sdk=iphoneos*]" = "iPhone Developer";
				COPY_PHASE_STRIP = NO;
				DEBUG_INFORMATION_FORMAT = dwarf;
				ENABLE_STRICT_OBJC_MSGSEND = YES;
				ENABLE_TESTABILITY = YES;
				GCC_C_LANGUAGE_STANDARD = gnu99;
				GCC_DYNAMIC_NO_PIC = NO;
				GCC_NO_COMMON_BLOCKS = YES;
				GCC_OPTIMIZATION_LEVEL = 0;
				GCC_PREPROCESSOR_DEFINITIONS = (
					"DEBUG=1",
					"$(inherited)",
				);
				GCC_WARN_64_TO_32_BIT_CONVERSION = YES;
				GCC_WARN_ABOUT_RETURN_TYPE = YES_ERROR;
				GCC_WARN_UNDECLARED_SELECTOR = YES;
				GCC_WARN_UNINITIALIZED_AUTOS = YES_AGGRESSIVE;
				GCC_WARN_UNUSED_FUNCTION = YES;
				GCC_WARN_UNUSED_VARIABLE = YES;
				IPHONEOS_DEPLOYMENT_TARGET = 10.2;
				MTL_ENABLE_DEBUG_INFO = YES;
				ONLY_ACTIVE_ARCH = YES;
				SDKROOT = iphoneos;
				SWIFT_ACTIVE_COMPILATION_CONDITIONS = DEBUG;
				SWIFT_OPTIMIZATION_LEVEL = "-Onone";
				TARGETED_DEVICE_FAMILY = "1,2";
			};
			name = Debug;
		};
		E7ED07221E5029E40034A292 /* Release */ = {
			isa = XCBuildConfiguration;
			buildSettings = {
				ALWAYS_SEARCH_USER_PATHS = NO;
				CLANG_ANALYZER_NONNULL = YES;
				CLANG_CXX_LANGUAGE_STANDARD = "gnu++0x";
				CLANG_CXX_LIBRARY = "libc++";
				CLANG_ENABLE_MODULES = YES;
				CLANG_ENABLE_OBJC_ARC = YES;
				CLANG_WARN_BOOL_CONVERSION = YES;
				CLANG_WARN_CONSTANT_CONVERSION = YES;
				CLANG_WARN_DIRECT_OBJC_ISA_USAGE = YES_ERROR;
				CLANG_WARN_DOCUMENTATION_COMMENTS = YES;
				CLANG_WARN_EMPTY_BODY = YES;
				CLANG_WARN_ENUM_CONVERSION = YES;
				CLANG_WARN_INFINITE_RECURSION = YES;
				CLANG_WARN_INT_CONVERSION = YES;
				CLANG_WARN_OBJC_ROOT_CLASS = YES_ERROR;
				CLANG_WARN_SUSPICIOUS_MOVE = YES;
				CLANG_WARN_UNREACHABLE_CODE = YES;
				CLANG_WARN__DUPLICATE_METHOD_MATCH = YES;
				"CODE_SIGN_IDENTITY[sdk=iphoneos*]" = "iPhone Developer";
				COPY_PHASE_STRIP = NO;
				DEBUG_INFORMATION_FORMAT = "dwarf-with-dsym";
				ENABLE_NS_ASSERTIONS = NO;
				ENABLE_STRICT_OBJC_MSGSEND = YES;
				GCC_C_LANGUAGE_STANDARD = gnu99;
				GCC_NO_COMMON_BLOCKS = YES;
				GCC_WARN_64_TO_32_BIT_CONVERSION = YES;
				GCC_WARN_ABOUT_RETURN_TYPE = YES_ERROR;
				GCC_WARN_UNDECLARED_SELECTOR = YES;
				GCC_WARN_UNINITIALIZED_AUTOS = YES_AGGRESSIVE;
				GCC_WARN_UNUSED_FUNCTION = YES;
				GCC_WARN_UNUSED_VARIABLE = YES;
				IPHONEOS_DEPLOYMENT_TARGET = 10.2;
				MTL_ENABLE_DEBUG_INFO = NO;
				SDKROOT = iphoneos;
				SWIFT_OPTIMIZATION_LEVEL = "-Owholemodule";
				TARGETED_DEVICE_FAMILY = "1,2";
				VALIDATE_PRODUCT = YES;
			};
			name = Release;
		};
		E7ED07241E5029E40034A292 /* Debug */ = {
			isa = XCBuildConfiguration;
			baseConfigurationReference = 88DCD6C611C493F9D98CCB78 /* Pods-Jokes Box.debug.xcconfig */;
			buildSettings = {
				ASSETCATALOG_COMPILER_APPICON_NAME = AppIcon;
				INFOPLIST_FILE = "Jokes Box/Info.plist";
				LD_RUNPATH_SEARCH_PATHS = "$(inherited) @executable_path/Frameworks";
				PRODUCT_BUNDLE_IDENTIFIER = "com.magicminds.Jokes-Box";
				PRODUCT_NAME = "$(TARGET_NAME)";
				SWIFT_VERSION = 3.0;
			};
			name = Debug;
		};
		E7ED07251E5029E40034A292 /* Release */ = {
			isa = XCBuildConfiguration;
			baseConfigurationReference = 52B08C1D14D02D8891E77EA6 /* Pods-Jokes Box.release.xcconfig */;
			buildSettings = {
				ASSETCATALOG_COMPILER_APPICON_NAME = AppIcon;
				INFOPLIST_FILE = "Jokes Box/Info.plist";
				LD_RUNPATH_SEARCH_PATHS = "$(inherited) @executable_path/Frameworks";
				PRODUCT_BUNDLE_IDENTIFIER = "com.magicminds.Jokes-Box";
				PRODUCT_NAME = "$(TARGET_NAME)";
				SWIFT_VERSION = 3.0;
			};
			name = Release;
		};
		E7ED07271E5029E40034A292 /* Debug */ = {
			isa = XCBuildConfiguration;
			baseConfigurationReference = 5CBF8CA05C9BD8EF8E8A9DFB /* Pods-Jokes BoxTests.debug.xcconfig */;
			buildSettings = {
				ALWAYS_EMBED_SWIFT_STANDARD_LIBRARIES = YES;
				BUNDLE_LOADER = "$(TEST_HOST)";
				INFOPLIST_FILE = "Jokes BoxTests/Info.plist";
				LD_RUNPATH_SEARCH_PATHS = "$(inherited) @executable_path/Frameworks @loader_path/Frameworks";
				PRODUCT_BUNDLE_IDENTIFIER = "com.magicminds.Jokes-BoxTests";
				PRODUCT_NAME = "$(TARGET_NAME)";
				SWIFT_VERSION = 3.0;
				TEST_HOST = "$(BUILT_PRODUCTS_DIR)/Jokes Box.app/Jokes Box";
			};
			name = Debug;
		};
		E7ED07281E5029E40034A292 /* Release */ = {
			isa = XCBuildConfiguration;
			baseConfigurationReference = 870FB8EE63B15F5F5F7844D0 /* Pods-Jokes BoxTests.release.xcconfig */;
			buildSettings = {
				ALWAYS_EMBED_SWIFT_STANDARD_LIBRARIES = YES;
				BUNDLE_LOADER = "$(TEST_HOST)";
				INFOPLIST_FILE = "Jokes BoxTests/Info.plist";
				LD_RUNPATH_SEARCH_PATHS = "$(inherited) @executable_path/Frameworks @loader_path/Frameworks";
				PRODUCT_BUNDLE_IDENTIFIER = "com.magicminds.Jokes-BoxTests";
				PRODUCT_NAME = "$(TARGET_NAME)";
				SWIFT_VERSION = 3.0;
				TEST_HOST = "$(BUILT_PRODUCTS_DIR)/Jokes Box.app/Jokes Box";
			};
			name = Release;
		};
		E7ED072A1E5029E40034A292 /* Debug */ = {
			isa = XCBuildConfiguration;
			baseConfigurationReference = 309A0719A9CAAB51F58D465B /* Pods-Jokes BoxUITests.debug.xcconfig */;
			buildSettings = {
				ALWAYS_EMBED_SWIFT_STANDARD_LIBRARIES = YES;
				INFOPLIST_FILE = "Jokes BoxUITests/Info.plist";
				LD_RUNPATH_SEARCH_PATHS = "$(inherited) @executable_path/Frameworks @loader_path/Frameworks";
				PRODUCT_BUNDLE_IDENTIFIER = "com.magicminds.Jokes-BoxUITests";
				PRODUCT_NAME = "$(TARGET_NAME)";
				SWIFT_VERSION = 3.0;
				TEST_TARGET_NAME = "Jokes Box";
			};
			name = Debug;
		};
		E7ED072B1E5029E40034A292 /* Release */ = {
			isa = XCBuildConfiguration;
			baseConfigurationReference = A3DCFF7E6009118C1306A3C8 /* Pods-Jokes BoxUITests.release.xcconfig */;
			buildSettings = {
				ALWAYS_EMBED_SWIFT_STANDARD_LIBRARIES = YES;
				INFOPLIST_FILE = "Jokes BoxUITests/Info.plist";
				LD_RUNPATH_SEARCH_PATHS = "$(inherited) @executable_path/Frameworks @loader_path/Frameworks";
				PRODUCT_BUNDLE_IDENTIFIER = "com.magicminds.Jokes-BoxUITests";
				PRODUCT_NAME = "$(TARGET_NAME)";
				SWIFT_VERSION = 3.0;
				TEST_TARGET_NAME = "Jokes Box";
			};
			name = Release;
		};
/* End XCBuildConfiguration section */

/* Begin XCConfigurationList section */
		E7ED06F61E5029E40034A292 /* Build configuration list for PBXProject "Jokes Box" */ = {
			isa = XCConfigurationList;
			buildConfigurations = (
				E7ED07211E5029E40034A292 /* Debug */,
				E7ED07221E5029E40034A292 /* Release */,
			);
			defaultConfigurationIsVisible = 0;
			defaultConfigurationName = Release;
		};
		E7ED07231E5029E40034A292 /* Build configuration list for PBXNativeTarget "Jokes Box" */ = {
			isa = XCConfigurationList;
			buildConfigurations = (
				E7ED07241E5029E40034A292 /* Debug */,
				E7ED07251E5029E40034A292 /* Release */,
			);
			defaultConfigurationIsVisible = 0;
			defaultConfigurationName = Release;
		};
		E7ED07261E5029E40034A292 /* Build configuration list for PBXNativeTarget "Jokes BoxTests" */ = {
			isa = XCConfigurationList;
			buildConfigurations = (
				E7ED07271E5029E40034A292 /* Debug */,
				E7ED07281E5029E40034A292 /* Release */,
			);
			defaultConfigurationIsVisible = 0;
			defaultConfigurationName = Release;
		};
		E7ED07291E5029E40034A292 /* Build configuration list for PBXNativeTarget "Jokes BoxUITests" */ = {
			isa = XCConfigurationList;
			buildConfigurations = (
				E7ED072A1E5029E40034A292 /* Debug */,
				E7ED072B1E5029E40034A292 /* Release */,
			);
			defaultConfigurationIsVisible = 0;
			defaultConfigurationName = Release;
		};
/* End XCConfigurationList section */
	};
	rootObject = E7ED06F31E5029E40034A292 /* Project object */;
}
